{
  "requires": true,
  "lockfileVersion": 1,
  "dependencies": {
    "@nestjs/swagger": {
      "version": "3.1.0",
      "resolved": "https://registry.npmjs.org/@nestjs/swagger/-/swagger-3.1.0.tgz",
      "integrity": "sha512-12J7cEcj1K2TtCrxVktRrdW6j5bT7BaruNXPlyzBjs3uJopLLOYSR7j5+2JvlPK+uQcnnZFIOiffYEXoozm/zg==",
      "requires": {
        "lodash": "4.17.14",
        "path-to-regexp": "3.0.0"
      }
    },
    "lodash": {
      "version": "4.17.14",
      "resolved": "https://registry.npmjs.org/lodash/-/lodash-4.17.14.tgz",
      "integrity": "sha512-mmKYbW3GLuJeX+iGP+Y7Gp1AiGHGbXHCOh/jZmrawMmsE7MS4znI3RL2FsjbqOyMayHInjOeykW7PEajUk1/xw=="
    },
    "path-to-regexp": {
      "version": "3.0.0",
      "resolved": "https://registry.npmjs.org/path-to-regexp/-/path-to-regexp-3.0.0.tgz",
      "integrity": "sha512-ZOtfhPttCrqp2M1PBBH4X13XlvnfhIwD7yCLx+GoGoXRPQyxGOTdQMpIzPSPKXAJT/JQrdfFrgdJOyAzvgpQ9A=="
    },
    "swagger-ui-dist": {
      "version": "3.24.0",
      "resolved": "https://registry.npmjs.org/swagger-ui-dist/-/swagger-ui-dist-3.24.0.tgz",
      "integrity": "sha512-5uAjeEqV+zbtalBDXAIrkqUZwsUHYwvBSeGYlFcLj1ERS3jfprL4OPLSSriDoeXCtNmWzpz5aooV2qJW+DqdUQ=="
    },
    "swagger-ui-express": {
      "version": "4.1.2",
      "resolved": "https://registry.npmjs.org/swagger-ui-express/-/swagger-ui-express-4.1.2.tgz",
      "integrity": "sha512-bVT16qj6WdNlEKFkSLOoTeGuqEm2lfOFRq6mVHAx+viA/ikORE+n4CS3WpVcYmQzM4HE6+DUFgAWcMRBJNpjcw==",
      "requires": {
        "swagger-ui-dist": "^3.18.1"
      }
    }
  }
}
